// !$*UTF8*$!
{
	archiveVersion = 1;
	classes = {
	};
	objectVersion = 56;
	objects = {

/* Begin PBXBuildFile section */
		5883D1022C0F51C900A8D953 /* Culminating_matesApp.swift in Sources */ = {isa = PBXBuildFile; fileRef = 5883D1012C0F51C900A8D953 /* Culminating_matesApp.swift */; };
		5883D1042C0F51C900A8D953 /* LandingView.swift in Sources */ = {isa = PBXBuildFile; fileRef = 5883D1032C0F51C900A8D953 /* LandingView.swift */; };
		5883D1062C0F51CD00A8D953 /* Assets.xcassets in Resources */ = {isa = PBXBuildFile; fileRef = 5883D1052C0F51CD00A8D953 /* Assets.xcassets */; };
		5883D1092C0F51CD00A8D953 /* Preview Assets.xcassets in Resources */ = {isa = PBXBuildFile; fileRef = 5883D1082C0F51CD00A8D953 /* Preview Assets.xcassets */; };
		5883D1122C0F523E00A8D953 /* Class.swift in Sources */ = {isa = PBXBuildFile; fileRef = 5883D1112C0F523E00A8D953 /* Class.swift */; };
		5883D1162C0F541A00A8D953 /* ClassListItemView.swift in Sources */ = {isa = PBXBuildFile; fileRef = 5883D1152C0F541A00A8D953 /* ClassListItemView.swift */; };
		5883D11A2C0F554100A8D953 /* ClassDetailView.swift in Sources */ = {isa = PBXBuildFile; fileRef = 5883D1192C0F554100A8D953 /* ClassDetailView.swift */; };
		5883D11C2C1209B700A8D953 /* ClassListView.swift in Sources */ = {isa = PBXBuildFile; fileRef = 5883D11B2C1209B700A8D953 /* ClassListView.swift */; };
		5883D11E2C187ED900A8D953 /* AddSessionView.swift in Sources */ = {isa = PBXBuildFile; fileRef = 5883D11D2C187ED900A8D953 /* AddSessionView.swift */; };
		5883D1202C19F5C000A8D953 /* Session.swift in Sources */ = {isa = PBXBuildFile; fileRef = 5883D11F2C19F5C000A8D953 /* Session.swift */; };
/* End PBXBuildFile section */

/* Begin PBXFileReference section */
		5883D0FE2C0F51C900A8D953 /* Culminating-mates.app */ = {isa = PBXFileReference; explicitFileType = wrapper.application; includeInIndex = 0; path = "Culminating-mates.app"; sourceTree = BUILT_PRODUCTS_DIR; };
		5883D1012C0F51C900A8D953 /* Culminating_matesApp.swift */ = {isa = PBXFileReference; lastKnownFileType = sourcecode.swift; path = Culminating_matesApp.swift; sourceTree = "<group>"; };
		5883D1032C0F51C900A8D953 /* LandingView.swift */ = {isa = PBXFileReference; lastKnownFileType = sourcecode.swift; path = LandingView.swift; sourceTree = "<group>"; };
		5883D1052C0F51CD00A8D953 /* Assets.xcassets */ = {isa = PBXFileReference; lastKnownFileType = folder.assetcatalog; path = Assets.xcassets; sourceTree = "<group>"; };
		5883D1082C0F51CD00A8D953 /* Preview Assets.xcassets */ = {isa = PBXFileReference; lastKnownFileType = folder.assetcatalog; path = "Preview Assets.xcassets"; sourceTree = "<group>"; };
		5883D1112C0F523E00A8D953 /* Class.swift */ = {isa = PBXFileReference; lastKnownFileType = sourcecode.swift; path = Class.swift; sourceTree = "<group>"; };
		5883D1152C0F541A00A8D953 /* ClassListItemView.swift */ = {isa = PBXFileReference; lastKnownFileType = sourcecode.swift; path = ClassListItemView.swift; sourceTree = "<group>"; };
		5883D1192C0F554100A8D953 /* ClassDetailView.swift */ = {isa = PBXFileReference; lastKnownFileType = sourcecode.swift; path = ClassDetailView.swift; sourceTree = "<group>"; };
		5883D11B2C1209B700A8D953 /* ClassListView.swift */ = {isa = PBXFileReference; lastKnownFileType = sourcecode.swift; path = ClassListView.swift; sourceTree = "<group>"; };
		5883D11D2C187ED900A8D953 /* AddSessionView.swift */ = {isa = PBXFileReference; lastKnownFileType = sourcecode.swift; path = AddSessionView.swift; sourceTree = "<group>"; };
		5883D11F2C19F5C000A8D953 /* Session.swift */ = {isa = PBXFileReference; lastKnownFileType = sourcecode.swift; path = Session.swift; sourceTree = "<group>"; };
/* End PBXFileReference section */

/* Begin PBXFrameworksBuildPhase section */
		5883D0FB2C0F51C900A8D953 /* Frameworks */ = {
			isa = PBXFrameworksBuildPhase;
			buildActionMask = 2147483647;
			files = (
			);
			runOnlyForDeploymentPostprocessing = 0;
		};
/* End PBXFrameworksBuildPhase section */

/* Begin PBXGroup section */
		5883D0F52C0F51C900A8D953 = {
			isa = PBXGroup;
			children = (
				5883D1002C0F51C900A8D953 /* Culminating-mates */,
				5883D0FF2C0F51C900A8D953 /* Products */,
			);
			sourceTree = "<group>";
		};
		5883D0FF2C0F51C900A8D953 /* Products */ = {
			isa = PBXGroup;
			children = (
				5883D0FE2C0F51C900A8D953 /* Culminating-mates.app */,
			);
			name = Products;
			sourceTree = "<group>";
		};
		5883D1002C0F51C900A8D953 /* Culminating-mates */ = {
			isa = PBXGroup;
			children = (
				5883D1012C0F51C900A8D953 /* Culminating_matesApp.swift */,
				5883D10F2C0F51E300A8D953 /* Model */,
				5883D1102C0F51EF00A8D953 /* Views */,
				5883D1052C0F51CD00A8D953 /* Assets.xcassets */,
				5883D1072C0F51CD00A8D953 /* Preview Content */,
			);
			path = "Culminating-mates";
			sourceTree = "<group>";
		};
		5883D1072C0F51CD00A8D953 /* Preview Content */ = {
			isa = PBXGroup;
			children = (
				5883D1082C0F51CD00A8D953 /* Preview Assets.xcassets */,
			);
			path = "Preview Content";
			sourceTree = "<group>";
		};
		5883D10F2C0F51E300A8D953 /* Model */ = {
			isa = PBXGroup;
			children = (
				5883D1112C0F523E00A8D953 /* Class.swift */,
				5883D11F2C19F5C000A8D953 /* Session.swift */,
			);
			path = Model;
			sourceTree = "<group>";
		};
		5883D1102C0F51EF00A8D953 /* Views */ = {
			isa = PBXGroup;
			children = (
				5883D1032C0F51C900A8D953 /* LandingView.swift */,
				5883D1152C0F541A00A8D953 /* ClassListItemView.swift */,
				5883D1192C0F554100A8D953 /* ClassDetailView.swift */,
				5883D11B2C1209B700A8D953 /* ClassListView.swift */,
				5883D11D2C187ED900A8D953 /* AddSessionView.swift */,
			);
			path = Views;
			sourceTree = "<group>";
		};
/* End PBXGroup section */

/* Begin PBXNativeTarget section */
		5883D0FD2C0F51C900A8D953 /* Culminating-mates */ = {
			isa = PBXNativeTarget;
			buildConfigurationList = 5883D10C2C0F51CD00A8D953 /* Build configuration list for PBXNativeTarget "Culminating-mates" */;
			buildPhases = (
				5883D0FA2C0F51C900A8D953 /* Sources */,
				5883D0FB2C0F51C900A8D953 /* Frameworks */,
				5883D0FC2C0F51C900A8D953 /* Resources */,
			);
			buildRules = (
			);
			dependencies = (
			);
			name = "Culminating-mates";
			productName = "Culminating-mates";
			productReference = 5883D0FE2C0F51C900A8D953 /* Culminating-mates.app */;
			productType = "com.apple.product-type.application";
		};
/* End PBXNativeTarget section */

/* Begin PBXProject section */
		5883D0F62C0F51C900A8D953 /* Project object */ = {
			isa = PBXProject;
			attributes = {
				BuildIndependentTargetsInParallel = 1;
				LastSwiftUpdateCheck = 1520;
				LastUpgradeCheck = 1520;
				TargetAttributes = {
					5883D0FD2C0F51C900A8D953 = {
						CreatedOnToolsVersion = 15.2;
					};
				};
			};
			buildConfigurationList = 5883D0F92C0F51C900A8D953 /* Build configuration list for PBXProject "Culminating-mates" */;
			compatibilityVersion = "Xcode 14.0";
			developmentRegion = en;
			hasScannedForEncodings = 0;
			knownRegions = (
				en,
				Base,
			);
			mainGroup = 5883D0F52C0F51C900A8D953;
			productRefGroup = 5883D0FF2C0F51C900A8D953 /* Products */;
			projectDirPath = "";
			projectRoot = "";
			targets = (
				5883D0FD2C0F51C900A8D953 /* Culminating-mates */,
			);
		};
/* End PBXProject section */

/* Begin PBXResourcesBuildPhase section */
		5883D0FC2C0F51C900A8D953 /* Resources */ = {
			isa = PBXResourcesBuildPhase;
			buildActionMask = 2147483647;
			files = (
				5883D1092C0F51CD00A8D953 /* Preview Assets.xcassets in Resources */,
				5883D1062C0F51CD00A8D953 /* Assets.xcassets in Resources */,
			);
			runOnlyForDeploymentPostprocessing = 0;
		};
/* End PBXResourcesBuildPhase section */

/* Begin PBXSourcesBuildPhase section */
		5883D0FA2C0F51C900A8D953 /* Sources */ = {
			isa = PBXSourcesBuildPhase;
			buildActionMask = 2147483647;
			files = (
				5883D11E2C187ED900A8D953 /* AddSessionView.swift in Sources */,
				5883D1042C0F51C900A8D953 /* LandingView.swift in Sources */,
				5883D1022C0F51C900A8D953 /* Culminating_matesApp.swift in Sources */,
				5883D11C2C1209B700A8D953 /* ClassListView.swift in Sources */,
				5883D1202C19F5C000A8D953 /* Session.swift in Sources */,
				5883D1122C0F523E00A8D953 /* Class.swift in Sources */,
				5883D11A2C0F554100A8D953 /* ClassDetailView.swift in Sources */,
				5883D1162C0F541A00A8D953 /* ClassListItemView.swift in Sources */,
			);
			runOnlyForDeploymentPostprocessing = 0;
		};
/* End PBXSourcesBuildPhase section */

/* Begin XCBuildConfiguration section */
		5883D10A2C0F51CD00A8D953 /* Debug */ = {
			isa = XCBuildConfiguration;
			buildSettings = {
				ALWAYS_SEARCH_USER_PATHS = NO;
				ASSETCATALOG_COMPILER_GENERATE_SWIFT_ASSET_SYMBOL_EXTENSIONS = YES;
				CLANG_ANALYZER_NONNULL = YES;
				CLANG_ANALYZER_NUMBER_OBJECT_CONVERSION = YES_AGGRESSIVE;
				CLANG_CXX_LANGUAGE_STANDARD = "gnu++20";
				CLANG_ENABLE_MODULES = YES;
				CLANG_ENABLE_OBJC_ARC = YES;
				CLANG_ENABLE_OBJC_WEAK = YES;
				CLANG_WARN_BLOCK_CAPTURE_AUTORELEASING = YES;
				CLANG_WARN_BOOL_CONVERSION = YES;
				CLANG_WARN_COMMA = YES;
				CLANG_WARN_CONSTANT_CONVERSION = YES;
				CLANG_WARN_DEPRECATED_OBJC_IMPLEMENTATIONS = YES;
				CLANG_WARN_DIRECT_OBJC_ISA_USAGE = YES_ERROR;
				CLANG_WARN_DOCUMENTATION_COMMENTS = YES;
				CLANG_WARN_EMPTY_BODY = YES;
				CLANG_WARN_ENUM_CONVERSION = YES;
				CLANG_WARN_INFINITE_RECURSION = YES;
				CLANG_WARN_INT_CONVERSION = YES;
				CLANG_WARN_NON_LITERAL_NULL_CONVERSION = YES;
				CLANG_WARN_OBJC_IMPLICIT_RETAIN_SELF = YES;
				CLANG_WARN_OBJC_LITERAL_CONVERSION = YES;
				CLANG_WARN_OBJC_ROOT_CLASS = YES_ERROR;
				CLANG_WARN_QUOTED_INCLUDE_IN_FRAMEWORK_HEADER = YES;
				CLANG_WARN_RANGE_LOOP_ANALYSIS = YES;
				CLANG_WARN_STRICT_PROTOTYPES = YES;
				CLANG_WARN_SUSPICIOUS_MOVE = YES;
				CLANG_WARN_UNGUARDED_AVAILABILITY = YES_AGGRESSIVE;
				CLANG_WARN_UNREACHABLE_CODE = YES;
				CLANG_WARN__DUPLICATE_METHOD_MATCH = YES;
				COPY_PHASE_STRIP = NO;
				DEBUG_INFORMATION_FORMAT = dwarf;
				ENABLE_STRICT_OBJC_MSGSEND = YES;
				ENABLE_TESTABILITY = YES;
				ENABLE_USER_SCRIPT_SANDBOXING = YES;
				GCC_C_LANGUAGE_STANDARD = gnu17;
				GCC_DYNAMIC_NO_PIC = NO;
				GCC_NO_COMMON_BLOCKS = YES;
				GCC_OPTIMIZATION_LEVEL = 0;
				GCC_PREPROCESSOR_DEFINITIONS = (
					"DEBUG=1",
					"$(inherited)",
				);
				GCC_WARN_64_TO_32_BIT_CONVERSION = YES;
				GCC_WARN_ABOUT_RETURN_TYPE = YES_ERROR;
				GCC_WARN_UNDECLARED_SELECTOR = YES;
				GCC_WARN_UNINITIALIZED_AUTOS = YES_AGGRESSIVE;
				GCC_WARN_UNUSED_FUNCTION = YES;
				GCC_WARN_UNUSED_VARIABLE = YES;
				IPHONEOS_DEPLOYMENT_TARGET = 17.2;
				LOCALIZATION_PREFERS_STRING_CATALOGS = YES;
				MTL_ENABLE_DEBUG_INFO = INCLUDE_SOURCE;
				MTL_FAST_MATH = YES;
				ONLY_ACTIVE_ARCH = YES;
				SDKROOT = iphoneos;
				SWIFT_ACTIVE_COMPILATION_CONDITIONS = "DEBUG $(inherited)";
				SWIFT_OPTIMIZATION_LEVEL = "-Onone";
			};
			name = Debug;
		};
		5883D10B2C0F51CD00A8D953 /* Release */ = {
			isa = XCBuildConfiguration;
			buildSettings = {
				ALWAYS_SEARCH_USER_PATHS = NO;
				ASSETCATALOG_COMPILER_GENERATE_SWIFT_ASSET_SYMBOL_EXTENSIONS = YES;
				CLANG_ANALYZER_NONNULL = YES;
				CLANG_ANALYZER_NUMBER_OBJECT_CONVERSION = YES_AGGRESSIVE;
				CLANG_CXX_LANGUAGE_STANDARD = "gnu++20";
				CLANG_ENABLE_MODULES = YES;
				CLANG_ENABLE_OBJC_ARC = YES;
				CLANG_ENABLE_OBJC_WEAK = YES;
				CLANG_WARN_BLOCK_CAPTURE_AUTORELEASING = YES;
				CLANG_WARN_BOOL_CONVERSION = YES;
				CLANG_WARN_COMMA = YES;
				CLANG_WARN_CONSTANT_CONVERSION = YES;
				CLANG_WARN_DEPRECATED_OBJC_IMPLEMENTATIONS = YES;
				CLANG_WARN_DIRECT_OBJC_ISA_USAGE = YES_ERROR;
				CLANG_WARN_DOCUMENTATION_COMMENTS = YES;
				CLANG_WARN_EMPTY_BODY = YES;
				CLANG_WARN_ENUM_CONVERSION = YES;
				CLANG_WARN_INFINITE_RECURSION = YES;
				CLANG_WARN_INT_CONVERSION = YES;
				CLANG_WARN_NON_LITERAL_NULL_CONVERSION = YES;
				CLANG_WARN_OBJC_IMPLICIT_RETAIN_SELF = YES;
				CLANG_WARN_OBJC_LITERAL_CONVERSION = YES;
				CLANG_WARN_OBJC_ROOT_CLASS = YES_ERROR;
				CLANG_WARN_QUOTED_INCLUDE_IN_FRAMEWORK_HEADER = YES;
				CLANG_WARN_RANGE_LOOP_ANALYSIS = YES;
				CLANG_WARN_STRICT_PROTOTYPES = YES;
				CLANG_WARN_SUSPICIOUS_MOVE = YES;
				CLANG_WARN_UNGUARDED_AVAILABILITY = YES_AGGRESSIVE;
				CLANG_WARN_UNREACHABLE_CODE = YES;
				CLANG_WARN__DUPLICATE_METHOD_MATCH = YES;
				COPY_PHASE_STRIP = NO;
				DEBUG_INFORMATION_FORMAT = "dwarf-with-dsym";
				ENABLE_NS_ASSERTIONS = NO;
				ENABLE_STRICT_OBJC_MSGSEND = YES;
				ENABLE_USER_SCRIPT_SANDBOXING = YES;
				GCC_C_LANGUAGE_STANDARD = gnu17;
				GCC_NO_COMMON_BLOCKS = YES;
				GCC_WARN_64_TO_32_BIT_CONVERSION = YES;
				GCC_WARN_ABOUT_RETURN_TYPE = YES_ERROR;
				GCC_WARN_UNDECLARED_SELECTOR = YES;
				GCC_WARN_UNINITIALIZED_AUTOS = YES_AGGRESSIVE;
				GCC_WARN_UNUSED_FUNCTION = YES;
				GCC_WARN_UNUSED_VARIABLE = YES;
				IPHONEOS_DEPLOYMENT_TARGET = 17.2;
				LOCALIZATION_PREFERS_STRING_CATALOGS = YES;
				MTL_ENABLE_DEBUG_INFO = NO;
				MTL_FAST_MATH = YES;
				SDKROOT = iphoneos;
				SWIFT_COMPILATION_MODE = wholemodule;
				VALIDATE_PRODUCT = YES;
			};
			name = Release;
		};
		5883D10D2C0F51CD00A8D953 /* Debug */ = {
			isa = XCBuildConfiguration;
			buildSettings = {
				ASSETCATALOG_COMPILER_APPICON_NAME = AppIcon;
				ASSETCATALOG_COMPILER_GLOBAL_ACCENT_COLOR_NAME = AccentColor;
				CODE_SIGN_STYLE = Automatic;
				CURRENT_PROJECT_VERSION = 1;
				DEVELOPMENT_ASSET_PATHS = "\"Culminating-mates/Preview Content\"";
				ENABLE_PREVIEWS = YES;
				GENERATE_INFOPLIST_FILE = YES;
				INFOPLIST_KEY_UIApplicationSceneManifest_Generation = YES;
				INFOPLIST_KEY_UIApplicationSupportsIndirectInputEvents = YES;
				INFOPLIST_KEY_UILaunchScreen_Generation = YES;
				INFOPLIST_KEY_UISupportedInterfaceOrientations_iPad = "UIInterfaceOrientationPortrait UIInterfaceOrientationPortraitUpsideDown UIInterfaceOrientationLandscapeLeft UIInterfaceOrientationLandscapeRight";
				INFOPLIST_KEY_UISupportedInterfaceOrientations_iPhone = "UIInterfaceOrientationPortrait UIInterfaceOrientationLandscapeLeft UIInterfaceOrientationLandscapeRight";
				LD_RUNPATH_SEARCH_PATHS = (
					"$(inherited)",
					"@executable_path/Frameworks",
				);
				MARKETING_VERSION = 1.0;
				PRODUCT_BUNDLE_IDENTIFIER = "ca.myersmbonda.Culminating-mates";
				PRODUCT_NAME = "$(TARGET_NAME)";
				SWIFT_EMIT_LOC_STRINGS = YES;
				SWIFT_VERSION = 5.0;
				TARGETED_DEVICE_FAMILY = "1,2";
			};
			name = Debug;
		};
		5883D10E2C0F51CD00A8D953 /* Release */ = {
			isa = XCBuildConfiguration;
			buildSettings = {
				ASSETCATALOG_COMPILER_APPICON_NAME = AppIcon;
				ASSETCATALOG_COMPILER_GLOBAL_ACCENT_COLOR_NAME = AccentColor;
				CODE_SIGN_STYLE = Automatic;
				CURRENT_PROJECT_VERSION = 1;
				DEVELOPMENT_ASSET_PATHS = "\"Culminating-mates/Preview Content\"";
				ENABLE_PREVIEWS = YES;
				GENERATE_INFOPLIST_FILE = YES;
				INFOPLIST_KEY_UIApplicationSceneManifest_Generation = YES;
				INFOPLIST_KEY_UIApplicationSupportsIndirectInputEvents = YES;
				INFOPLIST_KEY_UILaunchScreen_Generation = YES;
				INFOPLIST_KEY_UISupportedInterfaceOrientations_iPad = "UIInterfaceOrientationPortrait UIInterfaceOrientationPortraitUpsideDown UIInterfaceOrientationLandscapeLeft UIInterfaceOrientationLandscapeRight";
				INFOPLIST_KEY_UISupportedInterfaceOrientations_iPhone = "UIInterfaceOrientationPortrait UIInterfaceOrientationLandscapeLeft UIInterfaceOrientationLandscapeRight";
				LD_RUNPATH_SEARCH_PATHS = (
					"$(inherited)",
					"@executable_path/Frameworks",
				);
				MARKETING_VERSION = 1.0;
				PRODUCT_BUNDLE_IDENTIFIER = "ca.myersmbonda.Culminating-mates";
				PRODUCT_NAME = "$(TARGET_NAME)";
				SWIFT_EMIT_LOC_STRINGS = YES;
				SWIFT_VERSION = 5.0;
				TARGETED_DEVICE_FAMILY = "1,2";
			};
			name = Release;
		};
/* End XCBuildConfiguration section */

/* Begin XCConfigurationList section */
		5883D0F92C0F51C900A8D953 /* Build configuration list for PBXProject "Culminating-mates" */ = {
			isa = XCConfigurationList;
			buildConfigurations = (
				5883D10A2C0F51CD00A8D953 /* Debug */,
				5883D10B2C0F51CD00A8D953 /* Release */,
			);
			defaultConfigurationIsVisible = 0;
			defaultConfigurationName = Release;
		};
		5883D10C2C0F51CD00A8D953 /* Build configuration list for PBXNativeTarget "Culminating-mates" */ = {
			isa = XCConfigurationList;
			buildConfigurations = (
				5883D10D2C0F51CD00A8D953 /* Debug */,
				5883D10E2C0F51CD00A8D953 /* Release */,
			);
			defaultConfigurationIsVisible = 0;
			defaultConfigurationName = Release;
		};
/* End XCConfigurationList section */
	};
	rootObject = 5883D0F62C0F51C900A8D953 /* Project object */;
}
